
Microsoft Visual Studio Solution File, Format Version 12.00
# Visual Studio Version 16
VisualStudioVersion = 16.0.30717.126
MinimumVisualStudioVersion = 10.0.40219.1
Project("{FAE04EC0-301F-11D3-BF4B-00C04F79EFBC}") = "NbaLeagueRomania", "NbaLeagueRomania.csproj", "{4B8E92AC-AB60-43E7-8919-10AA03B2EA72}"
EndProject
Global
	GlobalSection(SolutionConfigurationPlatforms) = preSolution
		Debug|Any CPU = Debug|Any CPU
		Release|Any CPU = Release|Any CPU
	EndGlobalSection
	GlobalSection(ProjectConfigurationPlatforms) = postSolution
		{4B8E92AC-AB60-43E7-8919-10AA03B2EA72}.Debug|Any CPU.ActiveCfg = Debug|Any CPU
		{4B8E92AC-AB60-43E7-8919-10AA03B2EA72}.Debug|Any CPU.Build.0 = Debug|Any CPU
		{4B8E92AC-AB60-43E7-8919-10AA03B2EA72}.Release|Any CPU.ActiveCfg = Release|Any CPU
		{4B8E92AC-AB60-43E7-8919-10AA03B2EA72}.Release|Any CPU.Build.0 = Release|Any CPU
	EndGlobalSection
	GlobalSection(SolutionProperties) = preSolution
		HideSolutionNode = FALSE
	EndGlobalSection
	GlobalSection(ExtensibilityGlobals) = postSolution
		SolutionGuid = {D50B03FB-499D-46C8-967E-FCB1A8DD6A51}
	EndGlobalSection
EndGlobal
